github.com/timbertson/test-private-repo v0.0.0-20240427035917-2b4745a0f055 h1:hJub/W85Ae7ukNNXqiFXawj2gn4V8xIraxsq3ifkDKQ=
github.com/timbertson/test-private-repo v0.0.0-20240427035917-2b4745a0f055/go.mod h1:9fssQDchk5X+Ufu+UeeMot+qW6bieL6XWQ2OCehXiMk=
github.com/timbertson/test-private-repo v0.0.0-20240427115503-df09c538861d h1:Mg955Z1p9Mahl2OWmEx/YiWay9VzKzQ4ERjk5p4fzko=
github.com/timbertson/test-private-repo v0.0.0-20240427115503-df09c538861d/go.mod h1:Eb3JMQKf0Arahxoqo499XSWZ6SZKlb3IPe1ayj859SI=
